
Microsoft Visual Studio Solution File, Format Version 12.00
# Visual Studio Version 16
VisualStudioVersion = 16.0.29306.81
MinimumVisualStudioVersion = 10.0.40219.1
Project("{FAE04EC0-301F-11D3-BF4B-00C04F79EFBC}") = "GrassHopperToAxisVM", "GrassHopperToAxisVM.csproj", "{D610A2C4-B6EB-42C6-BA36-6F41F6FDCCDC}"
EndProject
Global
	GlobalSection(SolutionConfigurationPlatforms) = preSolution
		Debug|Any CPU = Debug|Any CPU
		Release|Any CPU = Release|Any CPU
	EndGlobalSection
	GlobalSection(ProjectConfigurationPlatforms) = postSolution
		{D610A2C4-B6EB-42C6-BA36-6F41F6FDCCDC}.Debug|Any CPU.ActiveCfg = Debug|Any CPU
		{D610A2C4-B6EB-42C6-BA36-6F41F6FDCCDC}.Debug|Any CPU.Build.0 = Debug|Any CPU
		{D610A2C4-B6EB-42C6-BA36-6F41F6FDCCDC}.Release|Any CPU.ActiveCfg = Release|Any CPU
		{D610A2C4-B6EB-42C6-BA36-6F41F6FDCCDC}.Release|Any CPU.Build.0 = Release|Any CPU
	EndGlobalSection
	GlobalSection(SolutionProperties) = preSolution
		HideSolutionNode = FALSE
	EndGlobalSection
	GlobalSection(ExtensibilityGlobals) = postSolution
		SolutionGuid = {64A82EF5-3BE4-4355-9D61-DB4EE4FEB644}
	EndGlobalSection
EndGlobal
