
Microsoft Visual Studio Solution File, Format Version 12.00
# Visual Studio 15
VisualStudioVersion = 15.0.27130.2036
MinimumVisualStudioVersion = 10.0.40219.1
Project("{FAE04EC0-301F-11D3-BF4B-00C04F79EFBC}") = "GHtoAxisVM", "GHtoAxisVM\GHtoAxisVM.csproj", "{0679417A-4391-43BE-A8AB-CAED7B86D840}"
EndProject
Global
	GlobalSection(SolutionConfigurationPlatforms) = preSolution
		Debug|Any CPU = Debug|Any CPU
		Release|Any CPU = Release|Any CPU
	EndGlobalSection
	GlobalSection(ProjectConfigurationPlatforms) = postSolution
		{0679417A-4391-43BE-A8AB-CAED7B86D840}.Debug|Any CPU.ActiveCfg = Debug|Any CPU
		{0679417A-4391-43BE-A8AB-CAED7B86D840}.Debug|Any CPU.Build.0 = Debug|Any CPU
		{0679417A-4391-43BE-A8AB-CAED7B86D840}.Release|Any CPU.ActiveCfg = Release|Any CPU
		{0679417A-4391-43BE-A8AB-CAED7B86D840}.Release|Any CPU.Build.0 = Release|Any CPU
	EndGlobalSection
	GlobalSection(SolutionProperties) = preSolution
		HideSolutionNode = FALSE
	EndGlobalSection
	GlobalSection(ExtensibilityGlobals) = postSolution
		SolutionGuid = {85C3043B-E395-47D9-B106-5B7DA8F37510}
	EndGlobalSection
EndGlobal
